
Microsoft Visual Studio Solution File, Format Version 12.00
# Visual Studio Version 17
VisualStudioVersion = 17.8.34601.278
MinimumVisualStudioVersion = 10.0.40219.1
Project("{9A19103F-16F7-4668-BE54-9A1E7A4F7556}") = "day11", "day11.csproj", "{3267E92C-030F-4806-BAB6-BEAF118F2333}"
EndProject
Global
	GlobalSection(SolutionConfigurationPlatforms) = preSolution
		Debug|Any CPU = Debug|Any CPU
		Release|Any CPU = Release|Any CPU
	EndGlobalSection
	GlobalSection(ProjectConfigurationPlatforms) = postSolution
		{3267E92C-030F-4806-BAB6-BEAF118F2333}.Debug|Any CPU.ActiveCfg = Debug|Any CPU
		{3267E92C-030F-4806-BAB6-BEAF118F2333}.Debug|Any CPU.Build.0 = Debug|Any CPU
		{3267E92C-030F-4806-BAB6-BEAF118F2333}.Release|Any CPU.ActiveCfg = Release|Any CPU
		{3267E92C-030F-4806-BAB6-BEAF118F2333}.Release|Any CPU.Build.0 = Release|Any CPU
	EndGlobalSection
	GlobalSection(SolutionProperties) = preSolution
		HideSolutionNode = FALSE
	EndGlobalSection
	GlobalSection(ExtensibilityGlobals) = postSolution
		SolutionGuid = {E1CA4F0D-9E3D-4A13-8D00-D6EF83BE545C}
	EndGlobalSection
EndGlobal
