
Microsoft Visual Studio Solution File, Format Version 12.00
# Visual Studio Version 17
VisualStudioVersion = 17.4.33110.190
MinimumVisualStudioVersion = 10.0.40219.1
Project("{9A19103F-16F7-4668-BE54-9A1E7A4F7556}") = "day9", "day9.csproj", "{45606B44-277F-4471-A259-781388D9A092}"
EndProject
Global
	GlobalSection(SolutionConfigurationPlatforms) = preSolution
		Debug|Any CPU = Debug|Any CPU
		Release|Any CPU = Release|Any CPU
	EndGlobalSection
	GlobalSection(ProjectConfigurationPlatforms) = postSolution
		{45606B44-277F-4471-A259-781388D9A092}.Debug|Any CPU.ActiveCfg = Debug|Any CPU
		{45606B44-277F-4471-A259-781388D9A092}.Debug|Any CPU.Build.0 = Debug|Any CPU
		{45606B44-277F-4471-A259-781388D9A092}.Release|Any CPU.ActiveCfg = Release|Any CPU
		{45606B44-277F-4471-A259-781388D9A092}.Release|Any CPU.Build.0 = Release|Any CPU
	EndGlobalSection
	GlobalSection(SolutionProperties) = preSolution
		HideSolutionNode = FALSE
	EndGlobalSection
	GlobalSection(ExtensibilityGlobals) = postSolution
		SolutionGuid = {A3675525-9732-4C8D-BE3A-058D524EE382}
	EndGlobalSection
EndGlobal
